<?xml version="1.0" encoding="utf-8"?>
<Project ToolsVersion="4.0" xmlns="http://schemas.microsoft.com/developer/msbuild/2003">
  <ItemGroup>
    <Filter Include="Source Files">
      <UniqueIdentifier>{4FC737F1-C7A5-4376-A066-2A32D752A2FF}</UniqueIdentifier>
      <Extensions>cpp;c;cc;cxx;def;odl;idl;hpj;bat;asm;asmx</Extensions>
    </Filter>
    <Filter Include="Header Files">
      <UniqueIdentifier>{93995380-89BD-4b04-88EB-625FBE52EBFB}</UniqueIdentifier>
      <Extensions>h;hh;hpp;hxx;hm;inl;inc;ipp;xsd</Extensions>
    </Filter>
    <Filter Include="Resource Files">
      <UniqueIdentifier>{67DA6AB6-F800-4c08-8B7A-83BB121AAD01}</UniqueIdentifier>
      <Extensions>rc;ico;cur;bmp;dlg;rc2;rct;bin;rgs;gif;jpg;jpeg;jpe;resx;tiff;tif;png;wav;mfcribbon-ms</Extensions>
    </Filter>
    <Filter Include="Header Files\Graphics">
      <UniqueIdentifier>{8f58fdae-1eca-4856-9a0b-16aaeee8aa87}</UniqueIdentifier>
    </Filter>
    <Filter Include="Header Files\Miscelanous">
      <UniqueIdentifier>{a2bf4d1b-aa5a-4253-bc07-d7ee179ad4f9}</UniqueIdentifier>
    </Filter>
    <Filter Include="Source Files\Graphics">
      <UniqueIdentifier>{c2c224c0-1152-47c2-96c3-49bb3d6cc946}</UniqueIdentifier>
    </Filter>
    <Filter Include="Resource Files\WormWalk">
      <UniqueIdentifier>{23291611-6de6-43db-86b9-18a569fc2743}</UniqueIdentifier>
    </Filter>
    <Filter Include="Resource Files\WormJump">
      <UniqueIdentifier>{85895b7a-270e-4e4e-8475-9737f02225da}</UniqueIdentifier>
    </Filter>
    <Filter Include="Header Files\Events">
      <UniqueIdentifier>{f1d80bc6-99d6-4099-af9b-faf937b6170d}</UniqueIdentifier>
    </Filter>
    <Filter Include="Source Files\Events">
      <UniqueIdentifier>{2ba18a3e-715e-4ebf-807d-3970ff46af7f}</UniqueIdentifier>
    </Filter>
    <Filter Include="Header Files\Miscelanous\Parser">
      <UniqueIdentifier>{e12fc470-97df-4ff9-97c1-988ade778b9d}</UniqueIdentifier>
    </Filter>
    <Filter Include="Header Files\Controllers + Observers">
      <UniqueIdentifier>{8e0a0c61-a3fe-4455-84f2-9c8033530235}</UniqueIdentifier>
    </Filter>
    <Filter Include="Header Files\Controllers + Observers\Observer">
      <UniqueIdentifier>{ffad3ec7-1bfe-4237-9af9-e2abc590d017}</UniqueIdentifier>
    </Filter>
    <Filter Include="Header Files\Controllers + Observers\Controller">
      <UniqueIdentifier>{b69576b7-6fd4-4bac-b1e1-5cd78db5cb40}</UniqueIdentifier>
    </Filter>
    <Filter Include="Header Files\Miscelanous\Worms">
      <UniqueIdentifier>{255b982c-0811-4311-a614-4b43149a86d1}</UniqueIdentifier>
    </Filter>
    <Filter Include="Source Files\Controllers + Observers">
      <UniqueIdentifier>{1341141e-83dc-41e9-a9d4-eaaaea8dd76f}</UniqueIdentifier>
    </Filter>
    <Filter Include="Source Files\Controllers + Observers\Controller">
      <UniqueIdentifier>{22220c8d-952f-4925-828a-e61fcbd26974}</UniqueIdentifier>
    </Filter>
    <Filter Include="Source Files\Controllers + Observers\Observer">
      <UniqueIdentifier>{a411833d-66d8-4656-b9d7-e6be4de10691}</UniqueIdentifier>
    </Filter>
    <Filter Include="Header Files\FSM + Net">
      <UniqueIdentifier>{5dbe7351-11ca-4eea-b746-5fdd964109eb}</UniqueIdentifier>
    </Filter>
    <Filter Include="Header Files\FSM + Net\Net">
      <UniqueIdentifier>{a8a65b65-f11e-4858-869d-ad2dcc384291}</UniqueIdentifier>
    </Filter>
    <Filter Include="Source Files\FSM + Net">
      <UniqueIdentifier>{e0d363dc-5a50-4960-a631-adc9d83dd64a}</UniqueIdentifier>
    </Filter>
    <Filter Include="Source Files\FSM + Net\Net">
      <UniqueIdentifier>{cb9cc592-d012-4c6e-b1f5-4b345c4adc55}</UniqueIdentifier>
    </Filter>
    <Filter Include="Source Files\Miscellaneous">
      <UniqueIdentifier>{fc007df3-920c-4db8-ad7f-8a7319ac6902}</UniqueIdentifier>
    </Filter>
    <Filter Include="Source Files\Miscellaneous\Parser">
      <UniqueIdentifier>{32262a5f-e776-4437-ab1a-5ea40b5a16c7}</UniqueIdentifier>
    </Filter>
    <Filter Include="Source Files\Miscellaneous\Worms">
      <UniqueIdentifier>{773f1d24-4b48-4789-9fb2-a7522fca4bba}</UniqueIdentifier>
    </Filter>
  </ItemGroup>
  <ItemGroup>
    <None Include="packages.config" />
  </ItemGroup>
  <ItemGroup>
    <ClInclude Include="timer.h">
      <Filter>Header Files\Miscelanous</Filter>
    </ClInclude>
    <ClInclude Include="parser.h">
      <Filter>Header Files\Miscelanous\Parser</Filter>
    </ClInclude>
    <ClInclude Include="parseCmdLine.h">
      <Filter>Header Files\Miscelanous\Parser</Filter>
    </ClInclude>
    <ClInclude Include="netData.h">
      <Filter>Header Files\FSM + Net\Net</Filter>
    </ClInclude>
    <ClInclude Include="paquete.h">
      <Filter>Header Files\FSM + Net\Net</Filter>
    </ClInclude>
    <ClInclude Include="allegroClass.h">
      <Filter>Header Files\Graphics</Filter>
    </ClInclude>
    <ClInclude Include="server.h">
      <Filter>Header Files\FSM + Net\Net</Filter>
    </ClInclude>
    <ClInclude Include="client.h">
      <Filter>Header Files\FSM + Net\Net</Filter>
    </ClInclude>
    <ClInclude Include="general.h">
      <Filter>Header Files\Miscelanous</Filter>
    </ClInclude>
    <ClInclude Include="Stage.h">
      <Filter>Header Files\Miscelanous\Worms</Filter>
    </ClInclude>
    <ClInclude Include="Worm.h">
      <Filter>Header Files\Miscelanous\Worms</Filter>
    </ClInclude>
    <ClInclude Include="observer.h">
      <Filter>Header Files\Controllers + Observers\Observer</Filter>
    </ClInclude>
    <ClInclude Include="obs_stage.h">
      <Filter>Header Files\Controllers + Observers\Observer</Filter>
    </ClInclude>
    <ClInclude Include="allegro_ctrl.h">
      <Filter>Header Files\Controllers + Observers\Controller</Filter>
    </ClInclude>
    <ClInclude Include="network_ctrl.h">
      <Filter>Header Files\Controllers + Observers\Controller</Filter>
    </ClInclude>
    <ClInclude Include="controller.h">
      <Filter>Header Files\Controllers + Observers\Controller</Filter>
    </ClInclude>
    <ClInclude Include="EventHandler.h">
      <Filter>Header Files\Events</Filter>
    </ClInclude>
    <ClInclude Include="Ev_t.h">
      <Filter>Header Files\Events</Filter>
    </ClInclude>
    <ClInclude Include="obs_network.h">
      <Filter>Header Files\Controllers + Observers\Observer</Filter>
    </ClInclude>
    <ClInclude Include="handshake.h">
      <Filter>Header Files\FSM + Net\Net</Filter>
    </ClInclude>
  </ItemGroup>
  <ItemGroup>
    <ClCompile Include="main.cpp">
      <Filter>Source Files</Filter>
    </ClCompile>
    <ClCompile Include="timer.cpp">
      <Filter>Source Files\Miscellaneous</Filter>
    </ClCompile>
    <ClCompile Include="parser.cpp">
      <Filter>Source Files\Miscellaneous\Parser</Filter>
    </ClCompile>
    <ClCompile Include="parseCmdLine.cpp">
      <Filter>Source Files\Miscellaneous\Parser</Filter>
    </ClCompile>
    <ClCompile Include="allegroClass.cpp">
      <Filter>Source Files\Graphics</Filter>
    </ClCompile>
    <ClCompile Include="server.cpp">
      <Filter>Source Files\FSM + Net\Net</Filter>
    </ClCompile>
    <ClCompile Include="client.cpp">
      <Filter>Source Files\FSM + Net\Net</Filter>
    </ClCompile>
    <ClCompile Include="paquete.cpp">
      <Filter>Source Files\FSM + Net\Net</Filter>
    </ClCompile>
    <ClCompile Include="netData.cpp">
      <Filter>Source Files\FSM + Net\Net</Filter>
    </ClCompile>
    <ClCompile Include="Worm.cpp">
      <Filter>Source Files\Miscellaneous\Worms</Filter>
    </ClCompile>
    <ClCompile Include="allegro_ctrl.cpp">
      <Filter>Source Files\Controllers + Observers\Controller</Filter>
    </ClCompile>
    <ClCompile Include="network_ctrl.cpp">
      <Filter>Source Files\Controllers + Observers\Controller</Filter>
    </ClCompile>
    <ClCompile Include="obs_stage.cpp">
      <Filter>Source Files\Controllers + Observers\Observer</Filter>
    </ClCompile>
    <ClCompile Include="EventHandler.cpp">
      <Filter>Source Files\Events</Filter>
    </ClCompile>
    <ClCompile Include="obs_network.cpp">
      <Filter>Source Files\Controllers + Observers\Observer</Filter>
    </ClCompile>
    <ClCompile Include="handshake.cpp">
      <Filter>Source Files\FSM + Net\Net</Filter>
    </ClCompile>
    <ClCompile Include="Stage.cpp">
      <Filter>Source Files\Miscellaneous\Worms</Filter>
    </ClCompile>
  </ItemGroup>
  <ItemGroup>
    <Image Include="Worms Images\Scenario.png">
      <Filter>Resource Files</Filter>
    </Image>
    <Image Include="Worms Images\wwalking\wwalk-F1.png">
      <Filter>Resource Files\WormWalk</Filter>
    </Image>
    <Image Include="Worms Images\wwalking\wwalk-F2.png">
      <Filter>Resource Files\WormWalk</Filter>
    </Image>
    <Image Include="Worms Images\wwalking\wwalk-F3.png">
      <Filter>Resource Files\WormWalk</Filter>
    </Image>
    <Image Include="Worms Images\wwalking\wwalk-F4.png">
      <Filter>Resource Files\WormWalk</Filter>
    </Image>
    <Image Include="Worms Images\wwalking\wwalk-F5.png">
      <Filter>Resource Files\WormWalk</Filter>
    </Image>
    <Image Include="Worms Images\wwalking\wwalk-F6.png">
      <Filter>Resource Files\WormWalk</Filter>
    </Image>
    <Image Include="Worms Images\wwalking\wwalk-F7.png">
      <Filter>Resource Files\WormWalk</Filter>
    </Image>
    <Image Include="Worms Images\wwalking\wwalk-F8.png">
      <Filter>Resource Files\WormWalk</Filter>
    </Image>
    <Image Include="Worms Images\wwalking\wwalk-F9.png">
      <Filter>Resource Files\WormWalk</Filter>
    </Image>
    <Image Include="Worms Images\wwalking\wwalk-F10.png">
      <Filter>Resource Files\WormWalk</Filter>
    </Image>
    <Image Include="Worms Images\wwalking\wwalk-F11.png">
      <Filter>Resource Files\WormWalk</Filter>
    </Image>
    <Image Include="Worms Images\wwalking\wwalk-F12.png">
      <Filter>Resource Files\WormWalk</Filter>
    </Image>
    <Image Include="Worms Images\wwalking\wwalk-F13.png">
      <Filter>Resource Files\WormWalk</Filter>
    </Image>
    <Image Include="Worms Images\wwalking\wwalk-F14.png">
      <Filter>Resource Files\WormWalk</Filter>
    </Image>
    <Image Include="Worms Images\wwalking\wwalk-F15.png">
      <Filter>Resource Files\WormWalk</Filter>
    </Image>
    <Image Include="Worms Images\wjump\wjump-F1.png">
      <Filter>Resource Files\WormJump</Filter>
    </Image>
    <Image Include="Worms Images\wjump\wjump-F2.png">
      <Filter>Resource Files\WormJump</Filter>
    </Image>
    <Image Include="Worms Images\wjump\wjump-F3.png">
      <Filter>Resource Files\WormJump</Filter>
    </Image>
    <Image Include="Worms Images\wjump\wjump-F4.png">
      <Filter>Resource Files\WormJump</Filter>
    </Image>
    <Image Include="Worms Images\wjump\wjump-F5.png">
      <Filter>Resource Files\WormJump</Filter>
    </Image>
    <Image Include="Worms Images\wjump\wjump-F6.png">
      <Filter>Resource Files\WormJump</Filter>
    </Image>
    <Image Include="Worms Images\wjump\wjump-F7.png">
      <Filter>Resource Files\WormJump</Filter>
    </Image>
    <Image Include="Worms Images\wjump\wjump-F8.png">
      <Filter>Resource Files\WormJump</Filter>
    </Image>
    <Image Include="Worms Images\wjump\wjump-F9.png">
      <Filter>Resource Files\WormJump</Filter>
    </Image>
    <Image Include="Worms Images\wjump\wjump-F10.png">
      <Filter>Resource Files\WormJump</Filter>
    </Image>
    <Image Include="background.png">
      <Filter>Resource Files</Filter>
    </Image>
  </ItemGroup>
  <ItemGroup>
    <Media Include="russia.wav">
      <Filter>Resource Files</Filter>
    </Media>
  </ItemGroup>
</Project>